# This file is automatically @generated by Cargo.
# It is not intended for manual editing.
version = 4

[[package]]
name = "realmlib"
version = "0.1.0"
source = "registry+https://github.com/rust-lang/crates.io-index"
checksum = "64f50d79aaa720f74e209d7f7e90c09216f05a2a5a073ff01e6cc818748a0b7d"

[[package]]
name = "realmlib_ffi"
version = "0.1.0"
dependencies = [
 "realmlib",
]
